
Microsoft Visual Studio Solution File, Format Version 12.00
# Visual Studio Version 17
VisualStudioVersion = 17.0.32126.317
MinimumVisualStudioVersion = 10.0.40219.1
Project("{9A19103F-16F7-4668-BE54-9A1E7A4F7556}") = "CompanyEmployees", "CompanyEmployees\CompanyEmployees.csproj", "{CF4C2F83-199C-4115-AC10-86CD99988242}"
EndProject
Project("{FAE04EC0-301F-11D3-BF4B-00C04F79EFBC}") = "Contracts", "Contracts\Contracts.csproj", "{71A23BC9-BCCC-4AC4-863B-701B85D9BEC9}"
EndProject
Project("{FAE04EC0-301F-11D3-BF4B-00C04F79EFBC}") = "LoggerService", "LoggerService\LoggerService.csproj", "{01585A8A-64FC-457B-98B2-C39616E20CB2}"
EndProject
Global
	GlobalSection(SolutionConfigurationPlatforms) = preSolution
		Debug|Any CPU = Debug|Any CPU
		Release|Any CPU = Release|Any CPU
	EndGlobalSection
	GlobalSection(ProjectConfigurationPlatforms) = postSolution
		{CF4C2F83-199C-4115-AC10-86CD99988242}.Debug|Any CPU.ActiveCfg = Debug|Any CPU
		{CF4C2F83-199C-4115-AC10-86CD99988242}.Debug|Any CPU.Build.0 = Debug|Any CPU
		{CF4C2F83-199C-4115-AC10-86CD99988242}.Release|Any CPU.ActiveCfg = Release|Any CPU
		{CF4C2F83-199C-4115-AC10-86CD99988242}.Release|Any CPU.Build.0 = Release|Any CPU
		{71A23BC9-BCCC-4AC4-863B-701B85D9BEC9}.Debug|Any CPU.ActiveCfg = Debug|Any CPU
		{71A23BC9-BCCC-4AC4-863B-701B85D9BEC9}.Debug|Any CPU.Build.0 = Debug|Any CPU
		{71A23BC9-BCCC-4AC4-863B-701B85D9BEC9}.Release|Any CPU.ActiveCfg = Release|Any CPU
		{71A23BC9-BCCC-4AC4-863B-701B85D9BEC9}.Release|Any CPU.Build.0 = Release|Any CPU
		{01585A8A-64FC-457B-98B2-C39616E20CB2}.Debug|Any CPU.ActiveCfg = Debug|Any CPU
		{01585A8A-64FC-457B-98B2-C39616E20CB2}.Debug|Any CPU.Build.0 = Debug|Any CPU
		{01585A8A-64FC-457B-98B2-C39616E20CB2}.Release|Any CPU.ActiveCfg = Release|Any CPU
		{01585A8A-64FC-457B-98B2-C39616E20CB2}.Release|Any CPU.Build.0 = Release|Any CPU
	EndGlobalSection
	GlobalSection(SolutionProperties) = preSolution
		HideSolutionNode = FALSE
	EndGlobalSection
	GlobalSection(ExtensibilityGlobals) = postSolution
		SolutionGuid = {C175EC0B-1528-403E-8C45-15EEE0707C52}
	EndGlobalSection
EndGlobal
